
Microsoft Visual Studio Solution File, Format Version 12.00
# Visual Studio 14
VisualStudioVersion = 14.0.25420.1
MinimumVisualStudioVersion = 10.0.40219.1
Project("{FAE04EC0-301F-11D3-BF4B-00C04F79EFBC}") = "Task1.CustomerLogic", "Task1.CustomerLogic\Task1.CustomerLogic.csproj", "{FD8AA724-C7A8-44B6-B6A6-586299CCAE0E}"
EndProject
Project("{FAE04EC0-301F-11D3-BF4B-00C04F79EFBC}") = "Task1.CustomProviders", "Task1.CustomProviders\Task1.CustomProviders.csproj", "{7F30473D-1519-4EF4-8F64-61F637E7D0A4}"
EndProject
Project("{FAE04EC0-301F-11D3-BF4B-00C04F79EFBC}") = "Task1.CustomerLogic.Tests", "Task1.CustomerLogic.Tests\Task1.CustomerLogic.Tests.csproj", "{94471DB9-E07A-4015-B0DC-3A8411A4A493}"
EndProject
Project("{FAE04EC0-301F-11D3-BF4B-00C04F79EFBC}") = "Task1.CustomProviders.Tests", "Task1.CustomProviders.Tests\Task1.CustomProviders.Tests.csproj", "{A87591F9-4F95-4641-BFD9-44071957C3B1}"
EndProject
Project("{2150E333-8FDC-42A3-9474-1A3956D46DE8}") = "Solution Items", "Solution Items", "{FE77B6D0-86FF-4A13-B0E3-428F16334690}"
	ProjectSection(SolutionItems) = preProject
		README.md = README.md
	EndProjectSection
EndProject
Global
	GlobalSection(SolutionConfigurationPlatforms) = preSolution
		Debug|Any CPU = Debug|Any CPU
		Release|Any CPU = Release|Any CPU
	EndGlobalSection
	GlobalSection(ProjectConfigurationPlatforms) = postSolution
		{FD8AA724-C7A8-44B6-B6A6-586299CCAE0E}.Debug|Any CPU.ActiveCfg = Debug|Any CPU
		{FD8AA724-C7A8-44B6-B6A6-586299CCAE0E}.Debug|Any CPU.Build.0 = Debug|Any CPU
		{FD8AA724-C7A8-44B6-B6A6-586299CCAE0E}.Release|Any CPU.ActiveCfg = Release|Any CPU
		{FD8AA724-C7A8-44B6-B6A6-586299CCAE0E}.Release|Any CPU.Build.0 = Release|Any CPU
		{7F30473D-1519-4EF4-8F64-61F637E7D0A4}.Debug|Any CPU.ActiveCfg = Debug|Any CPU
		{7F30473D-1519-4EF4-8F64-61F637E7D0A4}.Debug|Any CPU.Build.0 = Debug|Any CPU
		{7F30473D-1519-4EF4-8F64-61F637E7D0A4}.Release|Any CPU.ActiveCfg = Release|Any CPU
		{7F30473D-1519-4EF4-8F64-61F637E7D0A4}.Release|Any CPU.Build.0 = Release|Any CPU
		{94471DB9-E07A-4015-B0DC-3A8411A4A493}.Debug|Any CPU.ActiveCfg = Debug|Any CPU
		{94471DB9-E07A-4015-B0DC-3A8411A4A493}.Debug|Any CPU.Build.0 = Debug|Any CPU
		{94471DB9-E07A-4015-B0DC-3A8411A4A493}.Release|Any CPU.ActiveCfg = Release|Any CPU
		{94471DB9-E07A-4015-B0DC-3A8411A4A493}.Release|Any CPU.Build.0 = Release|Any CPU
		{A87591F9-4F95-4641-BFD9-44071957C3B1}.Debug|Any CPU.ActiveCfg = Debug|Any CPU
		{A87591F9-4F95-4641-BFD9-44071957C3B1}.Debug|Any CPU.Build.0 = Debug|Any CPU
		{A87591F9-4F95-4641-BFD9-44071957C3B1}.Release|Any CPU.ActiveCfg = Release|Any CPU
		{A87591F9-4F95-4641-BFD9-44071957C3B1}.Release|Any CPU.Build.0 = Release|Any CPU
	EndGlobalSection
	GlobalSection(SolutionProperties) = preSolution
		HideSolutionNode = FALSE
	EndGlobalSection
EndGlobal
